
Microsoft Visual Studio Solution File, Format Version 12.00
# Visual Studio Version 16
VisualStudioVersion = 16.0.30804.86
MinimumVisualStudioVersion = 10.0.40219.1
Project("{FAE04EC0-301F-11D3-BF4B-00C04F79EFBC}") = "BookShop", "BookShop\BookShop.csproj", "{1565BCDD-C1A2-48CB-82BD-5D060145145C}"
EndProject
Global
	GlobalSection(SolutionConfigurationPlatforms) = preSolution
		Debug|Any CPU = Debug|Any CPU
		Release|Any CPU = Release|Any CPU
	EndGlobalSection
	GlobalSection(ProjectConfigurationPlatforms) = postSolution
		{1565BCDD-C1A2-48CB-82BD-5D060145145C}.Debug|Any CPU.ActiveCfg = Debug|Any CPU
		{1565BCDD-C1A2-48CB-82BD-5D060145145C}.Debug|Any CPU.Build.0 = Debug|Any CPU
		{1565BCDD-C1A2-48CB-82BD-5D060145145C}.Release|Any CPU.ActiveCfg = Release|Any CPU
		{1565BCDD-C1A2-48CB-82BD-5D060145145C}.Release|Any CPU.Build.0 = Release|Any CPU
	EndGlobalSection
	GlobalSection(SolutionProperties) = preSolution
		HideSolutionNode = FALSE
	EndGlobalSection
	GlobalSection(ExtensibilityGlobals) = postSolution
		SolutionGuid = {22E32B1D-F897-48EF-B174-BEF6D8AB05F4}
	EndGlobalSection
EndGlobal
